# THIS IS AN AUTOGENERATED FILE. DO NOT EDIT THIS FILE DIRECTLY.
# yarn lockfile v1


backbone@^1.4.0:
  version "1.4.0"
  resolved "http://repository.i.sinotrans.com/repository/sinotrans-npm/backbone/-/backbone-1.4.0.tgz#54db4de9df7c3811c3f032f34749a4cd27f3bd12"
  integrity sha512-RLmDrRXkVdouTg38jcgHhyQ/2zjg7a8E6sz2zxfz21Hh17xDJYUHBZimVIt5fUyS8vbfpeSmTL3gUjTEvUV3qQ==
  dependencies:
    underscore ">=1.8.3"

jquery@^3.5.1:
  version "3.5.1"
  resolved "http://repository.i.sinotrans.com/repository/sinotrans-npm/jquery/-/jquery-3.5.1.tgz#d7b4d08e1bfdb86ad2f1a3d039ea17304717abb5"
  integrity sha512-XwIBPqcMn57FxfT+Go5pzySnm4KWkT1Tv7gjrpT1srtf8Weynl6R273VJ5GjkRb51IzMp5nbaPjJXMWeju2MKg==

requirejs@^2.3.6:
  version "2.3.6"
  resolved "http://repository.i.sinotrans.com/repository/sinotrans-npm/requirejs/-/requirejs-2.3.6.tgz#e5093d9601c2829251258c0b9445d4d19fa9e7c9"
  integrity sha512-ipEzlWQe6RK3jkzikgCupiTbTvm4S0/CAU5GlgptkN5SO6F3u0UD0K18wy6ErDqiCyP4J4YYe1HuAShvsxePLg==

underscore@>=1.8.3, underscore@^1.10.2:
  version "1.10.2"
  resolved "http://repository.i.sinotrans.com/repository/sinotrans-npm/underscore/-/underscore-1.10.2.tgz#73d6aa3668f3188e4adb0f1943bd12cfd7efaaaf"
  integrity sha512-N4P+Q/BuyuEKFJ43B9gYuOj4TQUHXX+j2FqguVOpjkssLUUrnJofCcBccJSCoeturDoZU6GorDTHSvUDlSQbTg==
